
Microsoft Visual Studio Solution File, Format Version 12.00
# Visual Studio Version 16
VisualStudioVersion = 16.0.30907.101
MinimumVisualStudioVersion = 10.0.40219.1
Project("{FAE04EC0-301F-11D3-BF4B-00C04F79EFBC}") = "LabLinq", "LabLinq.csproj", "{9E6D21A2-0315-4901-B6D2-192A0CDDD979}"
EndProject
Global
	GlobalSection(SolutionConfigurationPlatforms) = preSolution
		Debug|Any CPU = Debug|Any CPU
		Release|Any CPU = Release|Any CPU
	EndGlobalSection
	GlobalSection(ProjectConfigurationPlatforms) = postSolution
		{9E6D21A2-0315-4901-B6D2-192A0CDDD979}.Debug|Any CPU.ActiveCfg = Debug|Any CPU
		{9E6D21A2-0315-4901-B6D2-192A0CDDD979}.Debug|Any CPU.Build.0 = Debug|Any CPU
		{9E6D21A2-0315-4901-B6D2-192A0CDDD979}.Release|Any CPU.ActiveCfg = Release|Any CPU
		{9E6D21A2-0315-4901-B6D2-192A0CDDD979}.Release|Any CPU.Build.0 = Release|Any CPU
	EndGlobalSection
	GlobalSection(SolutionProperties) = preSolution
		HideSolutionNode = FALSE
	EndGlobalSection
	GlobalSection(ExtensibilityGlobals) = postSolution
		SolutionGuid = {992172A7-DAB5-4343-8F67-760E2086DDDE}
	EndGlobalSection
EndGlobal
